schema: '2.0'
stages:
  data_ingestion:
    cmd: python src/dataIngestion.py
    deps:
    - path: src/dataIngestion.py
      hash: md5
      md5: 8ba525c0b88d800c1fa6a326e5c88510
      size: 5320
    params:
      params.yaml:
        dataingestion.test_size: 0.5
    outs:
    - path: data/raw
      hash: md5
      md5: 0a32b4a4e2a7fa295dabb52e074eb704.dir
      size: 116153523
      nfiles: 2
  dataPreprocessing:
    cmd: python src/dataPreprocessing.py
    deps:
    - path: data/raw
      hash: md5
      md5: 0a32b4a4e2a7fa295dabb52e074eb704.dir
      size: 116153523
      nfiles: 2
    - path: src/dataPreprocessing.py
      hash: md5
      md5: a14a8aebcf940e131a15baa8fadf847f
      size: 3254
    params:
      params.yaml:
        dataPreprocessing.max_features: 10
        dataPreprocessing.min_df: 5
    outs:
    - path: data/processed
      hash: md5
      md5: 4752024dece74c1b1cdda31545246d97.dir
      size: 163849978
      nfiles: 4
  modelbuilding:
    cmd: python src/modelbuilding.py
    deps:
    - path: data/processed
      hash: md5
      md5: 4752024dece74c1b1cdda31545246d97.dir
      size: 163849978
      nfiles: 4
    - path: data/raw
      hash: md5
      md5: 0a32b4a4e2a7fa295dabb52e074eb704.dir
      size: 116153523
      nfiles: 2
    - path: src/modelbuilding.py
      hash: md5
      md5: 48860d4d81b14fbb3b4adfedace2bd04
      size: 1929
    params:
      params.yaml:
        modelbuilding.max_iter: 10
        modelbuilding.random_state: 2
    outs:
    - path: models/model.pkl
      hash: md5
      md5: 17f6efad53f7b8aceafc649666021065
      size: 796
  modelevaluation:
    cmd: python src/modelevaluation.py
    deps:
    - path: models/model.pkl
      hash: md5
      md5: 17f6efad53f7b8aceafc649666021065
      size: 796
    - path: src/modelevaluation.py
      hash: md5
      md5: d1b5f1dbf9a5a46a7ca43b9bb7a1f654
      size: 2567
    outs:
    - path: metrics/eval_metrics.json
      hash: md5
      md5: a8b7fc2dee60aca7fe3bbb56b54c6c85
      size: 229
